Microsoft Visual Studio Solution File, Format Version 12.00
# Visual Studio 14
VisualStudioVersion = 14.0.25123.0
MinimumVisualStudioVersion = 10.0.40219.1
Project("{FAE04EC0-301F-11D3-BF4B-00C04F79EFBC}") = "atmel-studio-peek-f1", "atmel-studio-peek-f1\atmel-studio-peek-f1.csproj", "{619B53F8-D9A0-4F86-B785-77EA6428366E}"
EndProject
Global
	GlobalSection(SolutionConfigurationPlatforms) = preSolution
		Debug|Any CPU = Debug|Any CPU
		Release|Any CPU = Release|Any CPU
	EndGlobalSection
	GlobalSection(ProjectConfigurationPlatforms) = postSolution
		{619B53F8-D9A0-4F86-B785-77EA6428366E}.Debug|Any CPU.ActiveCfg = Debug|Any CPU
		{619B53F8-D9A0-4F86-B785-77EA6428366E}.Debug|Any CPU.Build.0 = Debug|Any CPU
		{619B53F8-D9A0-4F86-B785-77EA6428366E}.Release|Any CPU.ActiveCfg = Debug|Any CPU
		{619B53F8-D9A0-4F86-B785-77EA6428366E}.Release|Any CPU.Build.0 = Debug|Any CPU
	EndGlobalSection
	GlobalSection(SolutionProperties) = preSolution
		HideSolutionNode = FALSE
	EndGlobalSection
EndGlobal
